
Microsoft Visual Studio Solution File, Format Version 11.00
# Visual Studio Version 17

Project("{8BC9CEB8-8B4A-11D0-8D11-00A0C91BC942}") = "Nafai's Stereo Separator - Standalone Plugin", "Nafai's Stereo Separator_StandalonePlugin.vcxproj", "{76B90837-A54B-CF35-76A2-16CBA0590D4E}"
	ProjectSection(ProjectDependencies) = postProject
		{BFC8C5B9-28DB-7086-5754-FDAF0856B17E} = {BFC8C5B9-28DB-7086-5754-FDAF0856B17E}
	EndProjectSection
EndProject
Project("{8BC9CEB8-8B4A-11D0-8D11-00A0C91BC942}") = "Nafai's Stereo Separator - VST3", "Nafai's Stereo Separator_VST3.vcxproj", "{4878AACB-BF16-28C6-D9AF-323F2D8A5AA1}"
	ProjectSection(ProjectDependencies) = postProject
		{BFC8C5B9-28DB-7086-5754-FDAF0856B17E} = {BFC8C5B9-28DB-7086-5754-FDAF0856B17E}
		{417F1E39-F64F-4343-0B26-E19F535DE800} = {417F1E39-F64F-4343-0B26-E19F535DE800}
	EndProjectSection
EndProject
Project("{8BC9CEB8-8B4A-11D0-8D11-00A0C91BC942}") = "Nafai's Stereo Separator - Shared Code", "Nafai's Stereo Separator_SharedCode.vcxproj", "{BFC8C5B9-28DB-7086-5754-FDAF0856B17E}"
EndProject
Project("{8BC9CEB8-8B4A-11D0-8D11-00A0C91BC942}") = "Nafai's Stereo Separator - VST3 Manifest Helper", "Nafai's Stereo Separator_VST3ManifestHelper.vcxproj", "{417F1E39-F64F-4343-0B26-E19F535DE800}"
EndProject
Global
	GlobalSection(SolutionConfigurationPlatforms) = preSolution
		Debug|x64 = Debug|x64
		Release|x64 = Release|x64
	EndGlobalSection
	GlobalSection(ProjectConfigurationPlatforms) = postSolution
		{4878AACB-BF16-28C6-D9AF-323F2D8A5AA1}.Debug|x64.ActiveCfg = Debug|x64
		{4878AACB-BF16-28C6-D9AF-323F2D8A5AA1}.Debug|x64.Build.0 = Debug|x64
		{4878AACB-BF16-28C6-D9AF-323F2D8A5AA1}.Release|x64.ActiveCfg = Release|x64
		{4878AACB-BF16-28C6-D9AF-323F2D8A5AA1}.Release|x64.Build.0 = Release|x64
		{76B90837-A54B-CF35-76A2-16CBA0590D4E}.Debug|x64.ActiveCfg = Debug|x64
		{76B90837-A54B-CF35-76A2-16CBA0590D4E}.Debug|x64.Build.0 = Debug|x64
		{76B90837-A54B-CF35-76A2-16CBA0590D4E}.Release|x64.ActiveCfg = Release|x64
		{76B90837-A54B-CF35-76A2-16CBA0590D4E}.Release|x64.Build.0 = Release|x64
		{BFC8C5B9-28DB-7086-5754-FDAF0856B17E}.Debug|x64.ActiveCfg = Debug|x64
		{BFC8C5B9-28DB-7086-5754-FDAF0856B17E}.Debug|x64.Build.0 = Debug|x64
		{BFC8C5B9-28DB-7086-5754-FDAF0856B17E}.Release|x64.ActiveCfg = Release|x64
		{BFC8C5B9-28DB-7086-5754-FDAF0856B17E}.Release|x64.Build.0 = Release|x64
		{417F1E39-F64F-4343-0B26-E19F535DE800}.Debug|x64.ActiveCfg = Debug|x64
		{417F1E39-F64F-4343-0B26-E19F535DE800}.Debug|x64.Build.0 = Debug|x64
		{417F1E39-F64F-4343-0B26-E19F535DE800}.Release|x64.ActiveCfg = Release|x64
		{417F1E39-F64F-4343-0B26-E19F535DE800}.Release|x64.Build.0 = Release|x64
	EndGlobalSection
	GlobalSection(SolutionProperties) = preSolution
		HideSolutionNode = FALSE
	EndGlobalSection
EndGlobal
